
Microsoft Visual Studio Solution File, Format Version 12.00
# Visual Studio Version 17
VisualStudioVersion = 17.0.31903.59
MinimumVisualStudioVersion = 10.0.40219.1
Project("{2150E333-8FDC-42A3-9474-1A3956D46DE8}") = "src", "src", "{2E8BC5EB-8B48-47FF-B7AB-31028A29B832}"
EndProject
Project("{FAE04EC0-301F-11D3-BF4B-00C04F79EFBC}") = "AuctionService", "src\AuctionService\AuctionService.csproj", "{BF0E4E6D-67C9-4661-8AC4-83D1FCB4EF30}"
EndProject
Project("{FAE04EC0-301F-11D3-BF4B-00C04F79EFBC}") = "SearchService", "src\SearchService\SearchService.csproj", "{6477B4EF-2D6F-4592-8725-E444906950F8}"
EndProject
Project("{FAE04EC0-301F-11D3-BF4B-00C04F79EFBC}") = "Contracts", "src\Contracts\Contracts.csproj", "{2737794E-5C42-4CDF-9E6F-4FE696F580BB}"
EndProject
Project("{FAE04EC0-301F-11D3-BF4B-00C04F79EFBC}") = "IdentityService", "src\IdentityService\IdentityService.csproj", "{241FF865-2ABD-4383-86F9-DA2151065361}"
EndProject
Project("{FAE04EC0-301F-11D3-BF4B-00C04F79EFBC}") = "GatewayService", "src\GatewayService\GatewayService.csproj", "{C3170FFF-AC94-4A8D-B358-860F3BB7E51D}"
EndProject
Project("{FAE04EC0-301F-11D3-BF4B-00C04F79EFBC}") = "BiddingService", "src\BiddingService\BiddingService.csproj", "{FA6BA76A-7D54-44BB-B402-6D318DC63E63}"
EndProject
Project("{FAE04EC0-301F-11D3-BF4B-00C04F79EFBC}") = "NotificationService", "src\NotificationService\NotificationService.csproj", "{36A73591-EDEC-447D-BB79-FA98D2E34E7C}"
EndProject
Global
	GlobalSection(SolutionConfigurationPlatforms) = preSolution
		Debug|Any CPU = Debug|Any CPU
		Release|Any CPU = Release|Any CPU
	EndGlobalSection
	GlobalSection(SolutionProperties) = preSolution
		HideSolutionNode = FALSE
	EndGlobalSection
	GlobalSection(ProjectConfigurationPlatforms) = postSolution
		{BF0E4E6D-67C9-4661-8AC4-83D1FCB4EF30}.Debug|Any CPU.ActiveCfg = Debug|Any CPU
		{BF0E4E6D-67C9-4661-8AC4-83D1FCB4EF30}.Debug|Any CPU.Build.0 = Debug|Any CPU
		{BF0E4E6D-67C9-4661-8AC4-83D1FCB4EF30}.Release|Any CPU.ActiveCfg = Release|Any CPU
		{BF0E4E6D-67C9-4661-8AC4-83D1FCB4EF30}.Release|Any CPU.Build.0 = Release|Any CPU
		{6477B4EF-2D6F-4592-8725-E444906950F8}.Debug|Any CPU.ActiveCfg = Debug|Any CPU
		{6477B4EF-2D6F-4592-8725-E444906950F8}.Debug|Any CPU.Build.0 = Debug|Any CPU
		{6477B4EF-2D6F-4592-8725-E444906950F8}.Release|Any CPU.ActiveCfg = Release|Any CPU
		{6477B4EF-2D6F-4592-8725-E444906950F8}.Release|Any CPU.Build.0 = Release|Any CPU
		{2737794E-5C42-4CDF-9E6F-4FE696F580BB}.Debug|Any CPU.ActiveCfg = Debug|Any CPU
		{2737794E-5C42-4CDF-9E6F-4FE696F580BB}.Debug|Any CPU.Build.0 = Debug|Any CPU
		{2737794E-5C42-4CDF-9E6F-4FE696F580BB}.Release|Any CPU.ActiveCfg = Release|Any CPU
		{2737794E-5C42-4CDF-9E6F-4FE696F580BB}.Release|Any CPU.Build.0 = Release|Any CPU
		{241FF865-2ABD-4383-86F9-DA2151065361}.Debug|Any CPU.ActiveCfg = Debug|Any CPU
		{241FF865-2ABD-4383-86F9-DA2151065361}.Debug|Any CPU.Build.0 = Debug|Any CPU
		{241FF865-2ABD-4383-86F9-DA2151065361}.Release|Any CPU.ActiveCfg = Release|Any CPU
		{241FF865-2ABD-4383-86F9-DA2151065361}.Release|Any CPU.Build.0 = Release|Any CPU
		{C3170FFF-AC94-4A8D-B358-860F3BB7E51D}.Debug|Any CPU.ActiveCfg = Debug|Any CPU
		{C3170FFF-AC94-4A8D-B358-860F3BB7E51D}.Debug|Any CPU.Build.0 = Debug|Any CPU
		{C3170FFF-AC94-4A8D-B358-860F3BB7E51D}.Release|Any CPU.ActiveCfg = Release|Any CPU
		{C3170FFF-AC94-4A8D-B358-860F3BB7E51D}.Release|Any CPU.Build.0 = Release|Any CPU
		{FA6BA76A-7D54-44BB-B402-6D318DC63E63}.Debug|Any CPU.ActiveCfg = Debug|Any CPU
		{FA6BA76A-7D54-44BB-B402-6D318DC63E63}.Debug|Any CPU.Build.0 = Debug|Any CPU
		{FA6BA76A-7D54-44BB-B402-6D318DC63E63}.Release|Any CPU.ActiveCfg = Release|Any CPU
		{FA6BA76A-7D54-44BB-B402-6D318DC63E63}.Release|Any CPU.Build.0 = Release|Any CPU
		{36A73591-EDEC-447D-BB79-FA98D2E34E7C}.Debug|Any CPU.ActiveCfg = Debug|Any CPU
		{36A73591-EDEC-447D-BB79-FA98D2E34E7C}.Debug|Any CPU.Build.0 = Debug|Any CPU
		{36A73591-EDEC-447D-BB79-FA98D2E34E7C}.Release|Any CPU.ActiveCfg = Release|Any CPU
		{36A73591-EDEC-447D-BB79-FA98D2E34E7C}.Release|Any CPU.Build.0 = Release|Any CPU
	EndGlobalSection
	GlobalSection(NestedProjects) = preSolution
		{BF0E4E6D-67C9-4661-8AC4-83D1FCB4EF30} = {2E8BC5EB-8B48-47FF-B7AB-31028A29B832}
		{6477B4EF-2D6F-4592-8725-E444906950F8} = {2E8BC5EB-8B48-47FF-B7AB-31028A29B832}
		{2737794E-5C42-4CDF-9E6F-4FE696F580BB} = {2E8BC5EB-8B48-47FF-B7AB-31028A29B832}
		{241FF865-2ABD-4383-86F9-DA2151065361} = {2E8BC5EB-8B48-47FF-B7AB-31028A29B832}
		{C3170FFF-AC94-4A8D-B358-860F3BB7E51D} = {2E8BC5EB-8B48-47FF-B7AB-31028A29B832}
		{FA6BA76A-7D54-44BB-B402-6D318DC63E63} = {2E8BC5EB-8B48-47FF-B7AB-31028A29B832}
		{36A73591-EDEC-447D-BB79-FA98D2E34E7C} = {2E8BC5EB-8B48-47FF-B7AB-31028A29B832}
	EndGlobalSection
EndGlobal
